{
    "version": 3,
    "terraform_version": "0.11.10",
    "serial": 12,
    "lineage": "ee7cdfc0-ff81-e184-21b6-92dad0fb48c5",
    "modules": [
        {
            "path": [
                "root"
            ],
            "outputs": {
                "more": {
                    "sensitive": false,
                    "type": "string",
                    "value": "8e447179-1e38-47fe-8236-81be8f2d34c1"
                },
                "vm_ip": {
                    "sensitive": false,
                    "type": "string",
                    "value": "13.67.95.9"
                }
            },
            "resources": {
                "azurerm_network_interface.mynic": {
                    "type": "azurerm_network_interface",
                    "depends_on": [
                        "azurerm_network_security_group.secgroup",
                        "azurerm_public_ip.myip",
                        "azurerm_subnet.mysub"
                    ],
                    "primary": {
                        "id": "/subscriptions/0ab9ad2e-f316-4da5-b243-e7f65da24755/resourceGroups/table4dsrtfgrp/providers/Microsoft.Network/networkInterfaces/mynic",
                        "attributes": {
                            "applied_dns_servers.#": "0",
                            "dns_servers.#": "0",
                            "enable_accelerated_networking": "false",
                            "enable_ip_forwarding": "false",
                            "id": "/subscriptions/0ab9ad2e-f316-4da5-b243-e7f65da24755/resourceGroups/table4dsrtfgrp/providers/Microsoft.Network/networkInterfaces/mynic",
                            "internal_dns_name_label": "",
                            "internal_fqdn": "",
                            "ip_configuration.#": "1",
                            "ip_configuration.0.application_gateway_backend_address_pools_ids.#": "0",
                            "ip_configuration.0.application_security_group_ids.#": "0",
                            "ip_configuration.0.load_balancer_backend_address_pools_ids.#": "0",
                            "ip_configuration.0.load_balancer_inbound_nat_rules_ids.#": "0",
                            "ip_configuration.0.name": "mynicipconfig",
                            "ip_configuration.0.primary": "true",
                            "ip_configuration.0.private_ip_address": "",
                            "ip_configuration.0.private_ip_address_allocation": "dynamic",
                            "ip_configuration.0.public_ip_address_id": "/subscriptions/0ab9ad2e-f316-4da5-b243-e7f65da24755/resourceGroups/table4dsrtfgrp/providers/Microsoft.Network/publicIPAddresses/table4dsrtfip",
                            "ip_configuration.0.subnet_id": "/subscriptions/0ab9ad2e-f316-4da5-b243-e7f65da24755/resourceGroups/table4dsrtfgrp/providers/Microsoft.Network/virtualNetworks/myvnet/subnets/mysubnet",
                            "location": "southeastasia",
                            "mac_address": "00-0D-3A-A0-9F-58",
                            "name": "mynic",
                            "network_security_group_id": "/subscriptions/0ab9ad2e-f316-4da5-b243-e7f65da24755/resourceGroups/table4dsrtfgrp/providers/Microsoft.Network/networkSecurityGroups/table4dsrtfgrpsecgrp",
                            "private_ip_address": "10.0.1.4",
                            "private_ip_addresses.#": "1",
                            "private_ip_addresses.0": "10.0.1.4",
                            "resource_group_name": "table4dsrtfgrp",
                            "tags.%": "0",
                            "virtual_machine_id": "/subscriptions/0ab9ad2e-f316-4da5-b243-e7f65da24755/resourceGroups/table4dsrtfgrp/providers/Microsoft.Compute/virtualMachines/table4dsvmtrf"
                        },
                        "meta": {},
                        "tainted": false
                    },
                    "deposed": [],
                    "provider": "provider.azurerm"
                },
                "azurerm_network_security_group.secgroup": {
                    "type": "azurerm_network_security_group",
                    "depends_on": [
                        "azurerm_resource_group.thegroup"
                    ],
                    "primary": {
                        "id": "/subscriptions/0ab9ad2e-f316-4da5-b243-e7f65da24755/resourceGroups/table4dsrtfgrp/providers/Microsoft.Network/networkSecurityGroups/table4dsrtfgrpsecgrp",
                        "attributes": {
                            "id": "/subscriptions/0ab9ad2e-f316-4da5-b243-e7f65da24755/resourceGroups/table4dsrtfgrp/providers/Microsoft.Network/networkSecurityGroups/table4dsrtfgrpsecgrp",
                            "location": "southeastasia",
                            "name": "table4dsrtfgrpsecgrp",
                            "resource_group_name": "table4dsrtfgrp",
                            "security_rule.#": "1",
                            "security_rule.1573307906.access": "Allow",
                            "security_rule.1573307906.description": "",
                            "security_rule.1573307906.destination_address_prefix": "*",
                            "security_rule.1573307906.destination_address_prefixes.#": "0",
                            "security_rule.1573307906.destination_application_security_group_ids.#": "0",
                            "security_rule.1573307906.destination_port_range": "22",
                            "security_rule.1573307906.destination_port_ranges.#": "0",
                            "security_rule.1573307906.direction": "Inbound",
                            "security_rule.1573307906.name": "SSH",
                            "security_rule.1573307906.priority": "1003",
                            "security_rule.1573307906.protocol": "Tcp",
                            "security_rule.1573307906.source_address_prefix": "*",
                            "security_rule.1573307906.source_address_prefixes.#": "0",
                            "security_rule.1573307906.source_application_security_group_ids.#": "0",
                            "security_rule.1573307906.source_port_range": "*",
                            "security_rule.1573307906.source_port_ranges.#": "0",
                            "tags.%": "1",
                            "tags.environment": "Testing"
                        },
                        "meta": {},
                        "tainted": false
                    },
                    "deposed": [],
                    "provider": "provider.azurerm"
                },
                "azurerm_public_ip.myip": {
                    "type": "azurerm_public_ip",
                    "depends_on": [
                        "azurerm_resource_group.thegroup"
                    ],
                    "primary": {
                        "id": "/subscriptions/0ab9ad2e-f316-4da5-b243-e7f65da24755/resourceGroups/table4dsrtfgrp/providers/Microsoft.Network/publicIPAddresses/table4dsrtfip",
                        "attributes": {
                            "id": "/subscriptions/0ab9ad2e-f316-4da5-b243-e7f65da24755/resourceGroups/table4dsrtfgrp/providers/Microsoft.Network/publicIPAddresses/table4dsrtfip",
                            "idle_timeout_in_minutes": "4",
                            "ip_address": "13.67.95.9",
                            "ip_version": "ipv4",
                            "location": "southeastasia",
                            "name": "table4dsrtfip",
                            "public_ip_address_allocation": "static",
                            "resource_group_name": "table4dsrtfgrp",
                            "sku": "Basic",
                            "tags.%": "1",
                            "tags.environment": "testing",
                            "zones.#": "0"
                        },
                        "meta": {},
                        "tainted": false
                    },
                    "deposed": [],
                    "provider": "provider.azurerm"
                },
                "azurerm_resource_group.thegroup": {
                    "type": "azurerm_resource_group",
                    "depends_on": [],
                    "primary": {
                        "id": "/subscriptions/0ab9ad2e-f316-4da5-b243-e7f65da24755/resourceGroups/table4dsrtfgrp",
                        "attributes": {
                            "id": "/subscriptions/0ab9ad2e-f316-4da5-b243-e7f65da24755/resourceGroups/table4dsrtfgrp",
                            "location": "southeastasia",
                            "name": "table4dsrtfgrp",
                            "tags.%": "0"
                        },
                        "meta": {},
                        "tainted": false
                    },
                    "deposed": [],
                    "provider": "provider.azurerm"
                },
                "azurerm_storage_account.mystorage": {
                    "type": "azurerm_storage_account",
                    "depends_on": [
                        "azurerm_resource_group.thegroup",
                        "random_id.randomid"
                    ],
                    "primary": {
                        "id": "/subscriptions/0ab9ad2e-f316-4da5-b243-e7f65da24755/resourceGroups/table4dsrtfgrp/providers/Microsoft.Storage/storageAccounts/diag6dc9debcaa970f42",
                        "attributes": {
                            "access_tier": "",
                            "account_encryption_source": "Microsoft.Storage",
                            "account_kind": "Storage",
                            "account_replication_type": "LRS",
                            "account_tier": "Standard",
                            "account_type": "Standard_LRS",
                            "enable_blob_encryption": "true",
                            "enable_file_encryption": "true",
                            "enable_https_traffic_only": "false",
                            "id": "/subscriptions/0ab9ad2e-f316-4da5-b243-e7f65da24755/resourceGroups/table4dsrtfgrp/providers/Microsoft.Storage/storageAccounts/diag6dc9debcaa970f42",
                            "identity.#": "0",
                            "location": "southeastasia",
                            "name": "diag6dc9debcaa970f42",
                            "network_rules.#": "0",
                            "primary_access_key": "59+zG4sbt8Ny9JzZJRC8RW0a3NfKLDlVweI/mwSFj1eq2ilpJBUUT/wD3le/CzdC5Cicpog4q7esDCyYcsrJdg==",
                            "primary_blob_connection_string": "DefaultEndpointsProtocol=https;BlobEndpoint=https://diag6dc9debcaa970f42.blob.core.windows.net/;AccountName=diag6dc9debcaa970f42;AccountKey=59+zG4sbt8Ny9JzZJRC8RW0a3NfKLDlVweI/mwSFj1eq2ilpJBUUT/wD3le/CzdC5Cicpog4q7esDCyYcsrJdg==",
                            "primary_blob_endpoint": "https://diag6dc9debcaa970f42.blob.core.windows.net/",
                            "primary_connection_string": "DefaultEndpointsProtocol=https;AccountName=diag6dc9debcaa970f42;AccountKey=59+zG4sbt8Ny9JzZJRC8RW0a3NfKLDlVweI/mwSFj1eq2ilpJBUUT/wD3le/CzdC5Cicpog4q7esDCyYcsrJdg==;EndpointSuffix=core.windows.net",
                            "primary_file_endpoint": "https://diag6dc9debcaa970f42.file.core.windows.net/",
                            "primary_location": "southeastasia",
                            "primary_queue_endpoint": "https://diag6dc9debcaa970f42.queue.core.windows.net/",
                            "primary_table_endpoint": "https://diag6dc9debcaa970f42.table.core.windows.net/",
                            "resource_group_name": "table4dsrtfgrp",
                            "secondary_access_key": "JA20e6L41yBivU38UQfbHcj8ur+baO7rLlAa0z1Ehbd8qXm5ibSY0hg48ljonThWB8WQWoeFc2TS3Szc2Wl9aA==",
                            "secondary_connection_string": "DefaultEndpointsProtocol=https;AccountName=diag6dc9debcaa970f42;AccountKey=JA20e6L41yBivU38UQfbHcj8ur+baO7rLlAa0z1Ehbd8qXm5ibSY0hg48ljonThWB8WQWoeFc2TS3Szc2Wl9aA==;EndpointSuffix=core.windows.net",
                            "secondary_location": "",
                            "tags.%": "1",
                            "tags.environment": "Testing"
                        },
                        "meta": {
                            "schema_version": "2"
                        },
                        "tainted": false
                    },
                    "deposed": [],
                    "provider": "provider.azurerm"
                },
                "azurerm_subnet.mysub": {
                    "type": "azurerm_subnet",
                    "depends_on": [
                        "azurerm_resource_group.thegroup",
                        "azurerm_virtual_network.mynet"
                    ],
                    "primary": {
                        "id": "/subscriptions/0ab9ad2e-f316-4da5-b243-e7f65da24755/resourceGroups/table4dsrtfgrp/providers/Microsoft.Network/virtualNetworks/myvnet/subnets/mysubnet",
                        "attributes": {
                            "address_prefix": "10.0.1.0/24",
                            "id": "/subscriptions/0ab9ad2e-f316-4da5-b243-e7f65da24755/resourceGroups/table4dsrtfgrp/providers/Microsoft.Network/virtualNetworks/myvnet/subnets/mysubnet",
                            "ip_configurations.#": "1",
                            "ip_configurations.3669607112": "/subscriptions/0ab9ad2e-f316-4da5-b243-e7f65da24755/resourceGroups/table4dsrtfgrp/providers/Microsoft.Network/networkInterfaces/mynic/ipConfigurations/mynicipconfig",
                            "name": "mysubnet",
                            "resource_group_name": "table4dsrtfgrp",
                            "route_table_id": "",
                            "service_endpoints.#": "0",
                            "virtual_network_name": "myvnet"
                        },
                        "meta": {},
                        "tainted": false
                    },
                    "deposed": [],
                    "provider": "provider.azurerm"
                },
                "azurerm_virtual_machine.thevm": {
                    "type": "azurerm_virtual_machine",
                    "depends_on": [
                        "azurerm_network_interface.mynic",
                        "azurerm_storage_account.mystorage"
                    ],
                    "primary": {
                        "id": "/subscriptions/0ab9ad2e-f316-4da5-b243-e7f65da24755/resourceGroups/table4dsrtfgrp/providers/Microsoft.Compute/virtualMachines/table4dsvmtrf",
                        "attributes": {
                            "boot_diagnostics.#": "1",
                            "boot_diagnostics.0.enabled": "true",
                            "boot_diagnostics.0.storage_uri": "https://diag6dc9debcaa970f42.blob.core.windows.net/",
                            "delete_data_disks_on_termination": "false",
                            "delete_os_disk_on_termination": "false",
                            "id": "/subscriptions/0ab9ad2e-f316-4da5-b243-e7f65da24755/resourceGroups/table4dsrtfgrp/providers/Microsoft.Compute/virtualMachines/table4dsvmtrf",
                            "identity.#": "0",
                            "location": "southeastasia",
                            "name": "table4dsvmtrf",
                            "network_interface_ids.#": "1",
                            "network_interface_ids.0": "/subscriptions/0ab9ad2e-f316-4da5-b243-e7f65da24755/resourceGroups/table4dsrtfgrp/providers/Microsoft.Network/networkInterfaces/mynic",
                            "os_profile.#": "1",
                            "os_profile.2599572588.admin_password": "",
                            "os_profile.2599572588.admin_username": "azureops",
                            "os_profile.2599572588.computer_name": "table4dsvmtrf",
                            "os_profile.2599572588.custom_data": "",
                            "os_profile_linux_config.#": "1",
                            "os_profile_linux_config.69840937.disable_password_authentication": "true",
                            "os_profile_linux_config.69840937.ssh_keys.#": "1",
                            "os_profile_linux_config.69840937.ssh_keys.0.key_data": "ssh-rsa AAAAB3NzaC1yc2EAAAADAQABAAABAQDL8jzyzerZJpu9sH9WGaZce2qml9hxY/73QCu/aVEfm5gWUYvtN51ymOC8AZtLobJgrelUXWF4DD5Pdmj+O5AbUwdJySHaR423C28n8x9ouAhWEKkZDo0Zro4CvJ5xjXap5iEyUAQUpJlzQhCkT3sOExE3J+7KyzD1x05cHhBGPdQOI8n6SCCHs3dNQJs1NcPeG9VREIrLWVLJhxdlrOq1I0jahfGDnYLipXjnS24TSMCyjn/THGU87QhY82VCLZsX2wyR559/LHXgnJFM0NEN99b3kzA7nyw/mCQGvBj+nDKBPUt1iCH4yI1tCDYvBLV5l+j86grkC4cYrwc5Vt6L azureops@table4dsvm\n",
                            "os_profile_linux_config.69840937.ssh_keys.0.path": "/home/azureops/.ssh/authorized_keys",
                            "os_profile_secrets.#": "0",
                            "resource_group_name": "table4dsrtfgrp",
                            "storage_data_disk.#": "0",
                            "storage_image_reference.#": "1",
                            "storage_image_reference.1458860473.id": "",
                            "storage_image_reference.1458860473.offer": "UbuntuServer",
                            "storage_image_reference.1458860473.publisher": "Canonical",
                            "storage_image_reference.1458860473.sku": "16.04-LTS",
                            "storage_image_reference.1458860473.version": "latest",
                            "storage_os_disk.#": "1",
                            "storage_os_disk.0.caching": "ReadWrite",
                            "storage_os_disk.0.create_option": "FromImage",
                            "storage_os_disk.0.disk_size_gb": "30",
                            "storage_os_disk.0.image_uri": "",
                            "storage_os_disk.0.managed_disk_id": "/subscriptions/0ab9ad2e-f316-4da5-b243-e7f65da24755/resourceGroups/table4dsrtfgrp/providers/Microsoft.Compute/disks/theosdisk",
                            "storage_os_disk.0.managed_disk_type": "Premium_LRS",
                            "storage_os_disk.0.name": "theosdisk",
                            "storage_os_disk.0.os_type": "Linux",
                            "storage_os_disk.0.vhd_uri": "",
                            "storage_os_disk.0.write_accelerator_enabled": "false",
                            "tags.%": "1",
                            "tags.environment": "Testing",
                            "vm_size": "Standard_DS1_v2",
                            "zones.#": "0"
                        },
                        "meta": {},
                        "tainted": false
                    },
                    "deposed": [],
                    "provider": "provider.azurerm"
                },
                "azurerm_virtual_network.mynet": {
                    "type": "azurerm_virtual_network",
                    "depends_on": [
                        "azurerm_resource_group.thegroup"
                    ],
                    "primary": {
                        "id": "/subscriptions/0ab9ad2e-f316-4da5-b243-e7f65da24755/resourceGroups/table4dsrtfgrp/providers/Microsoft.Network/virtualNetworks/myvnet",
                        "attributes": {
                            "address_space.#": "1",
                            "address_space.0": "10.0.0.0/16",
                            "dns_servers.#": "0",
                            "id": "/subscriptions/0ab9ad2e-f316-4da5-b243-e7f65da24755/resourceGroups/table4dsrtfgrp/providers/Microsoft.Network/virtualNetworks/myvnet",
                            "location": "southeastasia",
                            "name": "myvnet",
                            "resource_group_name": "table4dsrtfgrp",
                            "subnet.#": "1",
                            "subnet.3556314000.address_prefix": "10.0.1.0/24",
                            "subnet.3556314000.id": "/subscriptions/0ab9ad2e-f316-4da5-b243-e7f65da24755/resourceGroups/table4dsrtfgrp/providers/Microsoft.Network/virtualNetworks/myvnet/subnets/mysubnet",
                            "subnet.3556314000.name": "mysubnet",
                            "subnet.3556314000.security_group": "",
                            "tags.%": "1",
                            "tags.environment": "Testing"
                        },
                        "meta": {},
                        "tainted": false
                    },
                    "deposed": [],
                    "provider": "provider.azurerm"
                },
                "null_resource.upload": {
                    "type": "null_resource",
                    "depends_on": [
                        "azurerm_public_ip.myip"
                    ],
                    "primary": {
                        "id": "7034823358625640223",
                        "attributes": {
                            "id": "7034823358625640223"
                        },
                        "meta": {},
                        "tainted": true
                    },
                    "deposed": [],
                    "provider": "provider.null"
                },
                "random_id.randomid": {
                    "type": "random_id",
                    "depends_on": [
                        "azurerm_resource_group.thegroup"
                    ],
                    "primary": {
                        "id": "bcnevKqXD0I",
                        "attributes": {
                            "b64": "bcnevKqXD0I",
                            "b64_std": "bcnevKqXD0I=",
                            "b64_url": "bcnevKqXD0I",
                            "byte_length": "8",
                            "dec": "7911099122350231362",
                            "hex": "6dc9debcaa970f42",
                            "id": "bcnevKqXD0I",
                            "keepers.%": "1",
                            "keepers.resource_group": "table4dsrtfgrp"
                        },
                        "meta": {},
                        "tainted": false
                    },
                    "deposed": [],
                    "provider": "provider.random"
                }
            },
            "depends_on": []
        }
    ]
}
